
Microsoft Visual Studio Solution File, Format Version 12.00
# Visual Studio Version 16
VisualStudioVersion = 16.0.29806.167
MinimumVisualStudioVersion = 10.0.40219.1
Project("{FAE04EC0-301F-11D3-BF4B-00C04F79EFBC}") = "Archivos_Proyecto_Avance", "Archivos_Proyecto_Avance.csproj", "{01FDA09B-D1A9-4C50-9A60-D1B4EC7F3CEA}"
EndProject
Global
	GlobalSection(SolutionConfigurationPlatforms) = preSolution
		Debug|Any CPU = Debug|Any CPU
		Release|Any CPU = Release|Any CPU
	EndGlobalSection
	GlobalSection(ProjectConfigurationPlatforms) = postSolution
		{01FDA09B-D1A9-4C50-9A60-D1B4EC7F3CEA}.Debug|Any CPU.ActiveCfg = Debug|Any CPU
		{01FDA09B-D1A9-4C50-9A60-D1B4EC7F3CEA}.Debug|Any CPU.Build.0 = Debug|Any CPU
		{01FDA09B-D1A9-4C50-9A60-D1B4EC7F3CEA}.Release|Any CPU.ActiveCfg = Release|Any CPU
		{01FDA09B-D1A9-4C50-9A60-D1B4EC7F3CEA}.Release|Any CPU.Build.0 = Release|Any CPU
	EndGlobalSection
	GlobalSection(SolutionProperties) = preSolution
		HideSolutionNode = FALSE
	EndGlobalSection
	GlobalSection(ExtensibilityGlobals) = postSolution
		SolutionGuid = {2C83CD7D-0CA2-4FDE-93A3-39128EFAD614}
	EndGlobalSection
EndGlobal
